
Microsoft Visual Studio Solution File, Format Version 12.00
# Visual Studio Version 16
VisualStudioVersion = 16.0.31129.286
MinimumVisualStudioVersion = 10.0.40219.1
Project("{FAE04EC0-301F-11D3-BF4B-00C04F79EFBC}") = "BookShop", "BookShop\BookShop.csproj", "{D2708EA9-D391-4570-97B1-64E405435E79}"
EndProject
Project("{FAE04EC0-301F-11D3-BF4B-00C04F79EFBC}") = "BookShop.DataAccess", "BookShop.DataAccess\BookShop.DataAccess.csproj", "{DD9AD729-E8CE-405A-8277-4C17F9EDF63D}"
EndProject
Project("{FAE04EC0-301F-11D3-BF4B-00C04F79EFBC}") = "BookShop.Models", "BookShop.Models\BookShop.Models.csproj", "{323919F1-EA0F-4B4E-88F6-F11EFEBA941C}"
EndProject
Project("{FAE04EC0-301F-11D3-BF4B-00C04F79EFBC}") = "Utility", "Utility\Utility.csproj", "{3E02AA9E-BB33-4D62-A662-E8D3E121BF42}"
EndProject
Global
	GlobalSection(SolutionConfigurationPlatforms) = preSolution
		Debug|Any CPU = Debug|Any CPU
		Release|Any CPU = Release|Any CPU
	EndGlobalSection
	GlobalSection(ProjectConfigurationPlatforms) = postSolution
		{D2708EA9-D391-4570-97B1-64E405435E79}.Debug|Any CPU.ActiveCfg = Debug|Any CPU
		{D2708EA9-D391-4570-97B1-64E405435E79}.Debug|Any CPU.Build.0 = Debug|Any CPU
		{D2708EA9-D391-4570-97B1-64E405435E79}.Release|Any CPU.ActiveCfg = Release|Any CPU
		{D2708EA9-D391-4570-97B1-64E405435E79}.Release|Any CPU.Build.0 = Release|Any CPU
		{DD9AD729-E8CE-405A-8277-4C17F9EDF63D}.Debug|Any CPU.ActiveCfg = Debug|Any CPU
		{DD9AD729-E8CE-405A-8277-4C17F9EDF63D}.Debug|Any CPU.Build.0 = Debug|Any CPU
		{DD9AD729-E8CE-405A-8277-4C17F9EDF63D}.Release|Any CPU.ActiveCfg = Release|Any CPU
		{DD9AD729-E8CE-405A-8277-4C17F9EDF63D}.Release|Any CPU.Build.0 = Release|Any CPU
		{323919F1-EA0F-4B4E-88F6-F11EFEBA941C}.Debug|Any CPU.ActiveCfg = Debug|Any CPU
		{323919F1-EA0F-4B4E-88F6-F11EFEBA941C}.Debug|Any CPU.Build.0 = Debug|Any CPU
		{323919F1-EA0F-4B4E-88F6-F11EFEBA941C}.Release|Any CPU.ActiveCfg = Release|Any CPU
		{323919F1-EA0F-4B4E-88F6-F11EFEBA941C}.Release|Any CPU.Build.0 = Release|Any CPU
		{3E02AA9E-BB33-4D62-A662-E8D3E121BF42}.Debug|Any CPU.ActiveCfg = Debug|Any CPU
		{3E02AA9E-BB33-4D62-A662-E8D3E121BF42}.Debug|Any CPU.Build.0 = Debug|Any CPU
		{3E02AA9E-BB33-4D62-A662-E8D3E121BF42}.Release|Any CPU.ActiveCfg = Release|Any CPU
		{3E02AA9E-BB33-4D62-A662-E8D3E121BF42}.Release|Any CPU.Build.0 = Release|Any CPU
	EndGlobalSection
	GlobalSection(SolutionProperties) = preSolution
		HideSolutionNode = FALSE
	EndGlobalSection
	GlobalSection(ExtensibilityGlobals) = postSolution
		SolutionGuid = {FBC21270-DB33-41FA-820E-6F2B81CEA420}
	EndGlobalSection
EndGlobal
